
Microsoft Visual Studio Solution File, Format Version 12.00
# Visual Studio Version 16
VisualStudioVersion = 16.0.29911.84
MinimumVisualStudioVersion = 10.0.40219.1
Project("{FAE04EC0-301F-11D3-BF4B-00C04F79EFBC}") = "dotnettesting-mstest-spike", "dotnettesting-mstest-spike.csproj", "{0AF9A5FD-3EF6-4ED2-8D23-537F4679413A}"
EndProject
Global
	GlobalSection(SolutionConfigurationPlatforms) = preSolution
		Debug|Any CPU = Debug|Any CPU
		Release|Any CPU = Release|Any CPU
	EndGlobalSection
	GlobalSection(ProjectConfigurationPlatforms) = postSolution
		{0AF9A5FD-3EF6-4ED2-8D23-537F4679413A}.Debug|Any CPU.ActiveCfg = Debug|Any CPU
		{0AF9A5FD-3EF6-4ED2-8D23-537F4679413A}.Debug|Any CPU.Build.0 = Debug|Any CPU
		{0AF9A5FD-3EF6-4ED2-8D23-537F4679413A}.Release|Any CPU.ActiveCfg = Release|Any CPU
		{0AF9A5FD-3EF6-4ED2-8D23-537F4679413A}.Release|Any CPU.Build.0 = Release|Any CPU
	EndGlobalSection
	GlobalSection(SolutionProperties) = preSolution
		HideSolutionNode = FALSE
	EndGlobalSection
	GlobalSection(ExtensibilityGlobals) = postSolution
		SolutionGuid = {D99C3DA9-B33F-4953-85A9-82DFC368ED07}
	EndGlobalSection
EndGlobal
